// !$*UTF8*$!
{
	archiveVersion = 1;
	classes = {
	};
	objectVersion = 55;
	objects = {

/* Begin PBXBuildFile section */
		2EBB51312C50A4FC006C7B8A /* AppDelegate.swift in Sources */ = {isa = PBXBuildFile; fileRef = 2EBB51302C50A4FC006C7B8A /* AppDelegate.swift */; };
		2EBB51332C50A4FC006C7B8A /* SceneDelegate.swift in Sources */ = {isa = PBXBuildFile; fileRef = 2EBB51322C50A4FC006C7B8A /* SceneDelegate.swift */; };
		2EBB51352C50A4FC006C7B8A /* ViewController.swift in Sources */ = {isa = PBXBuildFile; fileRef = 2EBB51342C50A4FC006C7B8A /* ViewController.swift */; };
		2EBB51382C50A4FC006C7B8A /* Main.storyboard in Resources */ = {isa = PBXBuildFile; fileRef = 2EBB51362C50A4FC006C7B8A /* Main.storyboard */; };
		2EBB513A2C50A4FD006C7B8A /* Assets.xcassets in Resources */ = {isa = PBXBuildFile; fileRef = 2EBB51392C50A4FD006C7B8A /* Assets.xcassets */; };
		2EBB513D2C50A4FD006C7B8A /* LaunchScreen.storyboard in Resources */ = {isa = PBXBuildFile; fileRef = 2EBB513B2C50A4FD006C7B8A /* LaunchScreen.storyboard */; };
		2EBB51482C50A4FD006C7B8A /* H2Tests.swift in Sources */ = {isa = PBXBuildFile; fileRef = 2EBB51472C50A4FD006C7B8A /* H2Tests.swift */; };
		2EBB51522C50A4FD006C7B8A /* H2UITests.swift in Sources */ = {isa = PBXBuildFile; fileRef = 2EBB51512C50A4FD006C7B8A /* H2UITests.swift */; };
		2EBB51542C50A4FD006C7B8A /* H2UITestsLaunchTests.swift in Sources */ = {isa = PBXBuildFile; fileRef = 2EBB51532C50A4FD006C7B8A /* H2UITestsLaunchTests.swift */; };
/* End PBXBuildFile section */

/* Begin PBXContainerItemProxy section */
		2EBB51442C50A4FD006C7B8A /* PBXContainerItemProxy */ = {
			isa = PBXContainerItemProxy;
			containerPortal = 2EBB51252C50A4FC006C7B8A /* Project object */;
			proxyType = 1;
			remoteGlobalIDString = 2EBB512C2C50A4FC006C7B8A;
			remoteInfo = H2;
		};
		2EBB514E2C50A4FD006C7B8A /* PBXContainerItemProxy */ = {
			isa = PBXContainerItemProxy;
			containerPortal = 2EBB51252C50A4FC006C7B8A /* Project object */;
			proxyType = 1;
			remoteGlobalIDString = 2EBB512C2C50A4FC006C7B8A;
			remoteInfo = H2;
		};
/* End PBXContainerItemProxy section */

/* Begin PBXFileReference section */
		2EBB512D2C50A4FC006C7B8A /* H2.app */ = {isa = PBXFileReference; explicitFileType = wrapper.application; includeInIndex = 0; path = H2.app; sourceTree = BUILT_PRODUCTS_DIR; };
		2EBB51302C50A4FC006C7B8A /* AppDelegate.swift */ = {isa = PBXFileReference; lastKnownFileType = sourcecode.swift; path = AppDelegate.swift; sourceTree = "<group>"; };
		2EBB51322C50A4FC006C7B8A /* SceneDelegate.swift */ = {isa = PBXFileReference; lastKnownFileType = sourcecode.swift; path = SceneDelegate.swift; sourceTree = "<group>"; };
		2EBB51342C50A4FC006C7B8A /* ViewController.swift */ = {isa = PBXFileReference; lastKnownFileType = sourcecode.swift; path = ViewController.swift; sourceTree = "<group>"; };
		2EBB51372C50A4FC006C7B8A /* Base */ = {isa = PBXFileReference; lastKnownFileType = file.storyboard; name = Base; path = Base.lproj/Main.storyboard; sourceTree = "<group>"; };
		2EBB51392C50A4FD006C7B8A /* Assets.xcassets */ = {isa = PBXFileReference; lastKnownFileType = folder.assetcatalog; path = Assets.xcassets; sourceTree = "<group>"; };
		2EBB513C2C50A4FD006C7B8A /* Base */ = {isa = PBXFileReference; lastKnownFileType = file.storyboard; name = Base; path = Base.lproj/LaunchScreen.storyboard; sourceTree = "<group>"; };
		2EBB513E2C50A4FD006C7B8A /* Info.plist */ = {isa = PBXFileReference; lastKnownFileType = text.plist.xml; path = Info.plist; sourceTree = "<group>"; };
		2EBB51432C50A4FD006C7B8A /* H2Tests.xctest */ = {isa = PBXFileReference; explicitFileType = wrapper.cfbundle; includeInIndex = 0; path = H2Tests.xctest; sourceTree = BUILT_PRODUCTS_DIR; };
		2EBB51472C50A4FD006C7B8A /* H2Tests.swift */ = {isa = PBXFileReference; lastKnownFileType = sourcecode.swift; path = H2Tests.swift; sourceTree = "<group>"; };
		2EBB514D2C50A4FD006C7B8A /* H2UITests.xctest */ = {isa = PBXFileReference; explicitFileType = wrapper.cfbundle; includeInIndex = 0; path = H2UITests.xctest; sourceTree = BUILT_PRODUCTS_DIR; };
		2EBB51512C50A4FD006C7B8A /* H2UITests.swift */ = {isa = PBXFileReference; lastKnownFileType = sourcecode.swift; path = H2UITests.swift; sourceTree = "<group>"; };
		2EBB51532C50A4FD006C7B8A /* H2UITestsLaunchTests.swift */ = {isa = PBXFileReference; lastKnownFileType = sourcecode.swift; path = H2UITestsLaunchTests.swift; sourceTree = "<group>"; };
/* End PBXFileReference section */

/* Begin PBXFrameworksBuildPhase section */
		2EBB512A2C50A4FC006C7B8A /* Frameworks */ = {
			isa = PBXFrameworksBuildPhase;
			buildActionMask = 2147483647;
			files = (
			);
			runOnlyForDeploymentPostprocessing = 0;
		};
		2EBB51402C50A4FD006C7B8A /* Frameworks */ = {
			isa = PBXFrameworksBuildPhase;
			buildActionMask = 2147483647;
			files = (
			);
			runOnlyForDeploymentPostprocessing = 0;
		};
		2EBB514A2C50A4FD006C7B8A /* Frameworks */ = {
			isa = PBXFrameworksBuildPhase;
			buildActionMask = 2147483647;
			files = (
			);
			runOnlyForDeploymentPostprocessing = 0;
		};
/* End PBXFrameworksBuildPhase section */

/* Begin PBXGroup section */
		2EBB51242C50A4FC006C7B8A = {
			isa = PBXGroup;
			children = (
				2EBB512F2C50A4FC006C7B8A /* H2 */,
				2EBB51462C50A4FD006C7B8A /* H2Tests */,
				2EBB51502C50A4FD006C7B8A /* H2UITests */,
				2EBB512E2C50A4FC006C7B8A /* Products */,
			);
			sourceTree = "<group>";
		};
		2EBB512E2C50A4FC006C7B8A /* Products */ = {
			isa = PBXGroup;
			children = (
				2EBB512D2C50A4FC006C7B8A /* H2.app */,
				2EBB51432C50A4FD006C7B8A /* H2Tests.xctest */,
				2EBB514D2C50A4FD006C7B8A /* H2UITests.xctest */,
			);
			name = Products;
			sourceTree = "<group>";
		};
		2EBB512F2C50A4FC006C7B8A /* H2 */ = {
			isa = PBXGroup;
			children = (
				2EBB51302C50A4FC006C7B8A /* AppDelegate.swift */,
				2EBB51322C50A4FC006C7B8A /* SceneDelegate.swift */,
				2EBB51342C50A4FC006C7B8A /* ViewController.swift */,
				2EBB51362C50A4FC006C7B8A /* Main.storyboard */,
				2EBB51392C50A4FD006C7B8A /* Assets.xcassets */,
				2EBB513B2C50A4FD006C7B8A /* LaunchScreen.storyboard */,
				2EBB513E2C50A4FD006C7B8A /* Info.plist */,
			);
			path = H2;
			sourceTree = "<group>";
		};
		2EBB51462C50A4FD006C7B8A /* H2Tests */ = {
			isa = PBXGroup;
			children = (
				2EBB51472C50A4FD006C7B8A /* H2Tests.swift */,
			);
			path = H2Tests;
			sourceTree = "<group>";
		};
		2EBB51502C50A4FD006C7B8A /* H2UITests */ = {
			isa = PBXGroup;
			children = (
				2EBB51512C50A4FD006C7B8A /* H2UITests.swift */,
				2EBB51532C50A4FD006C7B8A /* H2UITestsLaunchTests.swift */,
			);
			path = H2UITests;
			sourceTree = "<group>";
		};
/* End PBXGroup section */

/* Begin PBXNativeTarget section */
		2EBB512C2C50A4FC006C7B8A /* H2 */ = {
			isa = PBXNativeTarget;
			buildConfigurationList = 2EBB51572C50A4FD006C7B8A /* Build configuration list for PBXNativeTarget "H2" */;
			buildPhases = (
				2EBB51292C50A4FC006C7B8A /* Sources */,
				2EBB512A2C50A4FC006C7B8A /* Frameworks */,
				2EBB512B2C50A4FC006C7B8A /* Resources */,
			);
			buildRules = (
			);
			dependencies = (
			);
			name = H2;
			productName = H2;
			productReference = 2EBB512D2C50A4FC006C7B8A /* H2.app */;
			productType = "com.apple.product-type.application";
		};
		2EBB51422C50A4FD006C7B8A /* H2Tests */ = {
			isa = PBXNativeTarget;
			buildConfigurationList = 2EBB515A2C50A4FD006C7B8A /* Build configuration list for PBXNativeTarget "H2Tests" */;
			buildPhases = (
				2EBB513F2C50A4FD006C7B8A /* Sources */,
				2EBB51402C50A4FD006C7B8A /* Frameworks */,
				2EBB51412C50A4FD006C7B8A /* Resources */,
			);
			buildRules = (
			);
			dependencies = (
				2EBB51452C50A4FD006C7B8A /* PBXTargetDependency */,
			);
			name = H2Tests;
			productName = H2Tests;
			productReference = 2EBB51432C50A4FD006C7B8A /* H2Tests.xctest */;
			productType = "com.apple.product-type.bundle.unit-test";
		};
		2EBB514C2C50A4FD006C7B8A /* H2UITests */ = {
			isa = PBXNativeTarget;
			buildConfigurationList = 2EBB515D2C50A4FD006C7B8A /* Build configuration list for PBXNativeTarget "H2UITests" */;
			buildPhases = (
				2EBB51492C50A4FD006C7B8A /* Sources */,
				2EBB514A2C50A4FD006C7B8A /* Frameworks */,
				2EBB514B2C50A4FD006C7B8A /* Resources */,
			);
			buildRules = (
			);
			dependencies = (
				2EBB514F2C50A4FD006C7B8A /* PBXTargetDependency */,
			);
			name = H2UITests;
			productName = H2UITests;
			productReference = 2EBB514D2C50A4FD006C7B8A /* H2UITests.xctest */;
			productType = "com.apple.product-type.bundle.ui-testing";
		};
/* End PBXNativeTarget section */

/* Begin PBXProject section */
		2EBB51252C50A4FC006C7B8A /* Project object */ = {
			isa = PBXProject;
			attributes = {
				BuildIndependentTargetsInParallel = 1;
				LastSwiftUpdateCheck = 1320;
				LastUpgradeCheck = 1320;
				TargetAttributes = {
					2EBB512C2C50A4FC006C7B8A = {
						CreatedOnToolsVersion = 13.2.1;
					};
					2EBB51422C50A4FD006C7B8A = {
						CreatedOnToolsVersion = 13.2.1;
						TestTargetID = 2EBB512C2C50A4FC006C7B8A;
					};
					2EBB514C2C50A4FD006C7B8A = {
						CreatedOnToolsVersion = 13.2.1;
						TestTargetID = 2EBB512C2C50A4FC006C7B8A;
					};
				};
			};
			buildConfigurationList = 2EBB51282C50A4FC006C7B8A /* Build configuration list for PBXProject "H2" */;
			compatibilityVersion = "Xcode 13.0";
			developmentRegion = en;
			hasScannedForEncodings = 0;
			knownRegions = (
				en,
				Base,
			);
			mainGroup = 2EBB51242C50A4FC006C7B8A;
			productRefGroup = 2EBB512E2C50A4FC006C7B8A /* Products */;
			projectDirPath = "";
			projectRoot = "";
			targets = (
				2EBB512C2C50A4FC006C7B8A /* H2 */,
				2EBB51422C50A4FD006C7B8A /* H2Tests */,
				2EBB514C2C50A4FD006C7B8A /* H2UITests */,
			);
		};
/* End PBXProject section */

/* Begin PBXResourcesBuildPhase section */
		2EBB512B2C50A4FC006C7B8A /* Resources */ = {
			isa = PBXResourcesBuildPhase;
			buildActionMask = 2147483647;
			files = (
				2EBB513D2C50A4FD006C7B8A /* LaunchScreen.storyboard in Resources */,
				2EBB513A2C50A4FD006C7B8A /* Assets.xcassets in Resources */,
				2EBB51382C50A4FC006C7B8A /* Main.storyboard in Resources */,
			);
			runOnlyForDeploymentPostprocessing = 0;
		};
		2EBB51412C50A4FD006C7B8A /* Resources */ = {
			isa = PBXResourcesBuildPhase;
			buildActionMask = 2147483647;
			files = (
			);
			runOnlyForDeploymentPostprocessing = 0;
		};
		2EBB514B2C50A4FD006C7B8A /* Resources */ = {
			isa = PBXResourcesBuildPhase;
			buildActionMask = 2147483647;
			files = (
			);
			runOnlyForDeploymentPostprocessing = 0;
		};
/* End PBXResourcesBuildPhase section */

/* Begin PBXSourcesBuildPhase section */
		2EBB51292C50A4FC006C7B8A /* Sources */ = {
			isa = PBXSourcesBuildPhase;
			buildActionMask = 2147483647;
			files = (
				2EBB51352C50A4FC006C7B8A /* ViewController.swift in Sources */,
				2EBB51312C50A4FC006C7B8A /* AppDelegate.swift in Sources */,
				2EBB51332C50A4FC006C7B8A /* SceneDelegate.swift in Sources */,
			);
			runOnlyForDeploymentPostprocessing = 0;
		};
		2EBB513F2C50A4FD006C7B8A /* Sources */ = {
			isa = PBXSourcesBuildPhase;
			buildActionMask = 2147483647;
			files = (
				2EBB51482C50A4FD006C7B8A /* H2Tests.swift in Sources */,
			);
			runOnlyForDeploymentPostprocessing = 0;
		};
		2EBB51492C50A4FD006C7B8A /* Sources */ = {
			isa = PBXSourcesBuildPhase;
			buildActionMask = 2147483647;
			files = (
				2EBB51542C50A4FD006C7B8A /* H2UITestsLaunchTests.swift in Sources */,
				2EBB51522C50A4FD006C7B8A /* H2UITests.swift in Sources */,
			);
			runOnlyForDeploymentPostprocessing = 0;
		};
/* End PBXSourcesBuildPhase section */

/* Begin PBXTargetDependency section */
		2EBB51452C50A4FD006C7B8A /* PBXTargetDependency */ = {
			isa = PBXTargetDependency;
			target = 2EBB512C2C50A4FC006C7B8A /* H2 */;
			targetProxy = 2EBB51442C50A4FD006C7B8A /* PBXContainerItemProxy */;
		};
		2EBB514F2C50A4FD006C7B8A /* PBXTargetDependency */ = {
			isa = PBXTargetDependency;
			target = 2EBB512C2C50A4FC006C7B8A /* H2 */;
			targetProxy = 2EBB514E2C50A4FD006C7B8A /* PBXContainerItemProxy */;
		};
/* End PBXTargetDependency section */

/* Begin PBXVariantGroup section */
		2EBB51362C50A4FC006C7B8A /* Main.storyboard */ = {
			isa = PBXVariantGroup;
			children = (
				2EBB51372C50A4FC006C7B8A /* Base */,
			);
			name = Main.storyboard;
			sourceTree = "<group>";
		};
		2EBB513B2C50A4FD006C7B8A /* LaunchScreen.storyboard */ = {
			isa = PBXVariantGroup;
			children = (
				2EBB513C2C50A4FD006C7B8A /* Base */,
			);
			name = LaunchScreen.storyboard;
			sourceTree = "<group>";
		};
/* End PBXVariantGroup section */

/* Begin XCBuildConfiguration section */
		2EBB51552C50A4FD006C7B8A /* Debug */ = {
			isa = XCBuildConfiguration;
			buildSettings = {
				ALWAYS_SEARCH_USER_PATHS = NO;
				CLANG_ANALYZER_NONNULL = YES;
				CLANG_ANALYZER_NUMBER_OBJECT_CONVERSION = YES_AGGRESSIVE;
				CLANG_CXX_LANGUAGE_STANDARD = "gnu++17";
				CLANG_CXX_LIBRARY = "libc++";
				CLANG_ENABLE_MODULES = YES;
				CLANG_ENABLE_OBJC_ARC = YES;
				CLANG_ENABLE_OBJC_WEAK = YES;
				CLANG_WARN_BLOCK_CAPTURE_AUTORELEASING = YES;
				CLANG_WARN_BOOL_CONVERSION = YES;
				CLANG_WARN_COMMA = YES;
				CLANG_WARN_CONSTANT_CONVERSION = YES;
				CLANG_WARN_DEPRECATED_OBJC_IMPLEMENTATIONS = YES;
				CLANG_WARN_DIRECT_OBJC_ISA_USAGE = YES_ERROR;
				CLANG_WARN_DOCUMENTATION_COMMENTS = YES;
				CLANG_WARN_EMPTY_BODY = YES;
				CLANG_WARN_ENUM_CONVERSION = YES;
				CLANG_WARN_INFINITE_RECURSION = YES;
				CLANG_WARN_INT_CONVERSION = YES;
				CLANG_WARN_NON_LITERAL_NULL_CONVERSION = YES;
				CLANG_WARN_OBJC_IMPLICIT_RETAIN_SELF = YES;
				CLANG_WARN_OBJC_LITERAL_CONVERSION = YES;
				CLANG_WARN_OBJC_ROOT_CLASS = YES_ERROR;
				CLANG_WARN_QUOTED_INCLUDE_IN_FRAMEWORK_HEADER = YES;
				CLANG_WARN_RANGE_LOOP_ANALYSIS = YES;
				CLANG_WARN_STRICT_PROTOTYPES = YES;
				CLANG_WARN_SUSPICIOUS_MOVE = YES;
				CLANG_WARN_UNGUARDED_AVAILABILITY = YES_AGGRESSIVE;
				CLANG_WARN_UNREACHABLE_CODE = YES;
				CLANG_WARN__DUPLICATE_METHOD_MATCH = YES;
				COPY_PHASE_STRIP = NO;
				DEBUG_INFORMATION_FORMAT = dwarf;
				ENABLE_STRICT_OBJC_MSGSEND = YES;
				ENABLE_TESTABILITY = YES;
				GCC_C_LANGUAGE_STANDARD = gnu11;
				GCC_DYNAMIC_NO_PIC = NO;
				GCC_NO_COMMON_BLOCKS = YES;
				GCC_OPTIMIZATION_LEVEL = 0;
				GCC_PREPROCESSOR_DEFINITIONS = (
					"DEBUG=1",
					"$(inherited)",
				);
				GCC_WARN_64_TO_32_BIT_CONVERSION = YES;
				GCC_WARN_ABOUT_RETURN_TYPE = YES_ERROR;
				GCC_WARN_UNDECLARED_SELECTOR = YES;
				GCC_WARN_UNINITIALIZED_AUTOS = YES_AGGRESSIVE;
				GCC_WARN_UNUSED_FUNCTION = YES;
				GCC_WARN_UNUSED_VARIABLE = YES;
				IPHONEOS_DEPLOYMENT_TARGET = 15.2;
				MTL_ENABLE_DEBUG_INFO = INCLUDE_SOURCE;
				MTL_FAST_MATH = YES;
				ONLY_ACTIVE_ARCH = YES;
				SDKROOT = iphoneos;
				SWIFT_ACTIVE_COMPILATION_CONDITIONS = DEBUG;
				SWIFT_OPTIMIZATION_LEVEL = "-Onone";
			};
			name = Debug;
		};
		2EBB51562C50A4FD006C7B8A /* Release */ = {
			isa = XCBuildConfiguration;
			buildSettings = {
				ALWAYS_SEARCH_USER_PATHS = NO;
				CLANG_ANALYZER_NONNULL = YES;
				CLANG_ANALYZER_NUMBER_OBJECT_CONVERSION = YES_AGGRESSIVE;
				CLANG_CXX_LANGUAGE_STANDARD = "gnu++17";
				CLANG_CXX_LIBRARY = "libc++";
				CLANG_ENABLE_MODULES = YES;
				CLANG_ENABLE_OBJC_ARC = YES;
				CLANG_ENABLE_OBJC_WEAK = YES;
				CLANG_WARN_BLOCK_CAPTURE_AUTORELEASING = YES;
				CLANG_WARN_BOOL_CONVERSION = YES;
				CLANG_WARN_COMMA = YES;
				CLANG_WARN_CONSTANT_CONVERSION = YES;
				CLANG_WARN_DEPRECATED_OBJC_IMPLEMENTATIONS = YES;
				CLANG_WARN_DIRECT_OBJC_ISA_USAGE = YES_ERROR;
				CLANG_WARN_DOCUMENTATION_COMMENTS = YES;
				CLANG_WARN_EMPTY_BODY = YES;
				CLANG_WARN_ENUM_CONVERSION = YES;
				CLANG_WARN_INFINITE_RECURSION = YES;
				CLANG_WARN_INT_CONVERSION = YES;
				CLANG_WARN_NON_LITERAL_NULL_CONVERSION = YES;
				CLANG_WARN_OBJC_IMPLICIT_RETAIN_SELF = YES;
				CLANG_WARN_OBJC_LITERAL_CONVERSION = YES;
				CLANG_WARN_OBJC_ROOT_CLASS = YES_ERROR;
				CLANG_WARN_QUOTED_INCLUDE_IN_FRAMEWORK_HEADER = YES;
				CLANG_WARN_RANGE_LOOP_ANALYSIS = YES;
				CLANG_WARN_STRICT_PROTOTYPES = YES;
				CLANG_WARN_SUSPICIOUS_MOVE = YES;
				CLANG_WARN_UNGUARDED_AVAILABILITY = YES_AGGRESSIVE;
				CLANG_WARN_UNREACHABLE_CODE = YES;
				CLANG_WARN__DUPLICATE_METHOD_MATCH = YES;
				COPY_PHASE_STRIP = NO;
				DEBUG_INFORMATION_FORMAT = "dwarf-with-dsym";
				ENABLE_NS_ASSERTIONS = NO;
				ENABLE_STRICT_OBJC_MSGSEND = YES;
				GCC_C_LANGUAGE_STANDARD = gnu11;
				GCC_NO_COMMON_BLOCKS = YES;
				GCC_WARN_64_TO_32_BIT_CONVERSION = YES;
				GCC_WARN_ABOUT_RETURN_TYPE = YES_ERROR;
				GCC_WARN_UNDECLARED_SELECTOR = YES;
				GCC_WARN_UNINITIALIZED_AUTOS = YES_AGGRESSIVE;
				GCC_WARN_UNUSED_FUNCTION = YES;
				GCC_WARN_UNUSED_VARIABLE = YES;
				IPHONEOS_DEPLOYMENT_TARGET = 15.2;
				MTL_ENABLE_DEBUG_INFO = NO;
				MTL_FAST_MATH = YES;
				SDKROOT = iphoneos;
				SWIFT_COMPILATION_MODE = wholemodule;
				SWIFT_OPTIMIZATION_LEVEL = "-O";
				VALIDATE_PRODUCT = YES;
			};
			name = Release;
		};
		2EBB51582C50A4FD006C7B8A /* Debug */ = {
			isa = XCBuildConfiguration;
			buildSettings = {
				ASSETCATALOG_COMPILER_APPICON_NAME = AppIcon;
				ASSETCATALOG_COMPILER_GLOBAL_ACCENT_COLOR_NAME = AccentColor;
				CODE_SIGN_STYLE = Automatic;
				CURRENT_PROJECT_VERSION = 1;
				GENERATE_INFOPLIST_FILE = YES;
				INFOPLIST_FILE = H2/Info.plist;
				INFOPLIST_KEY_UIApplicationSupportsIndirectInputEvents = YES;
				INFOPLIST_KEY_UILaunchStoryboardName = LaunchScreen;
				INFOPLIST_KEY_UIMainStoryboardFile = Main;
				INFOPLIST_KEY_UISupportedInterfaceOrientations_iPad = "UIInterfaceOrientationPortrait UIInterfaceOrientationPortraitUpsideDown UIInterfaceOrientationLandscapeLeft UIInterfaceOrientationLandscapeRight";
				INFOPLIST_KEY_UISupportedInterfaceOrientations_iPhone = "UIInterfaceOrientationPortrait UIInterfaceOrientationLandscapeLeft UIInterfaceOrientationLandscapeRight";
				LD_RUNPATH_SEARCH_PATHS = (
					"$(inherited)",
					"@executable_path/Frameworks",
				);
				MARKETING_VERSION = 1.0;
				PRODUCT_BUNDLE_IDENTIFIER = demo123.H2;
				PRODUCT_NAME = "$(TARGET_NAME)";
				SWIFT_EMIT_LOC_STRINGS = YES;
				SWIFT_VERSION = 5.0;
				TARGETED_DEVICE_FAMILY = "1,2";
			};
			name = Debug;
		};
		2EBB51592C50A4FD006C7B8A /* Release */ = {
			isa = XCBuildConfiguration;
			buildSettings = {
				ASSETCATALOG_COMPILER_APPICON_NAME = AppIcon;
				ASSETCATALOG_COMPILER_GLOBAL_ACCENT_COLOR_NAME = AccentColor;
				CODE_SIGN_STYLE = Automatic;
				CURRENT_PROJECT_VERSION = 1;
				GENERATE_INFOPLIST_FILE = YES;
				INFOPLIST_FILE = H2/Info.plist;
				INFOPLIST_KEY_UIApplicationSupportsIndirectInputEvents = YES;
				INFOPLIST_KEY_UILaunchStoryboardName = LaunchScreen;
				INFOPLIST_KEY_UIMainStoryboardFile = Main;
				INFOPLIST_KEY_UISupportedInterfaceOrientations_iPad = "UIInterfaceOrientationPortrait UIInterfaceOrientationPortraitUpsideDown UIInterfaceOrientationLandscapeLeft UIInterfaceOrientationLandscapeRight";
				INFOPLIST_KEY_UISupportedInterfaceOrientations_iPhone = "UIInterfaceOrientationPortrait UIInterfaceOrientationLandscapeLeft UIInterfaceOrientationLandscapeRight";
				LD_RUNPATH_SEARCH_PATHS = (
					"$(inherited)",
					"@executable_path/Frameworks",
				);
				MARKETING_VERSION = 1.0;
				PRODUCT_BUNDLE_IDENTIFIER = demo123.H2;
				PRODUCT_NAME = "$(TARGET_NAME)";
				SWIFT_EMIT_LOC_STRINGS = YES;
				SWIFT_VERSION = 5.0;
				TARGETED_DEVICE_FAMILY = "1,2";
			};
			name = Release;
		};
		2EBB515B2C50A4FD006C7B8A /* Debug */ = {
			isa = XCBuildConfiguration;
			buildSettings = {
				ALWAYS_EMBED_SWIFT_STANDARD_LIBRARIES = YES;
				BUNDLE_LOADER = "$(TEST_HOST)";
				CODE_SIGN_STYLE = Automatic;
				CURRENT_PROJECT_VERSION = 1;
				GENERATE_INFOPLIST_FILE = YES;
				IPHONEOS_DEPLOYMENT_TARGET = 15.2;
				MARKETING_VERSION = 1.0;
				PRODUCT_BUNDLE_IDENTIFIER = demo123.H2Tests;
				PRODUCT_NAME = "$(TARGET_NAME)";
				SWIFT_EMIT_LOC_STRINGS = NO;
				SWIFT_VERSION = 5.0;
				TARGETED_DEVICE_FAMILY = "1,2";
				TEST_HOST = "$(BUILT_PRODUCTS_DIR)/H2.app/H2";
			};
			name = Debug;
		};
		2EBB515C2C50A4FD006C7B8A /* Release */ = {
			isa = XCBuildConfiguration;
			buildSettings = {
				ALWAYS_EMBED_SWIFT_STANDARD_LIBRARIES = YES;
				BUNDLE_LOADER = "$(TEST_HOST)";
				CODE_SIGN_STYLE = Automatic;
				CURRENT_PROJECT_VERSION = 1;
				GENERATE_INFOPLIST_FILE = YES;
				IPHONEOS_DEPLOYMENT_TARGET = 15.2;
				MARKETING_VERSION = 1.0;
				PRODUCT_BUNDLE_IDENTIFIER = demo123.H2Tests;
				PRODUCT_NAME = "$(TARGET_NAME)";
				SWIFT_EMIT_LOC_STRINGS = NO;
				SWIFT_VERSION = 5.0;
				TARGETED_DEVICE_FAMILY = "1,2";
				TEST_HOST = "$(BUILT_PRODUCTS_DIR)/H2.app/H2";
			};
			name = Release;
		};
		2EBB515E2C50A4FD006C7B8A /* Debug */ = {
			isa = XCBuildConfiguration;
			buildSettings = {
				ALWAYS_EMBED_SWIFT_STANDARD_LIBRARIES = YES;
				CODE_SIGN_STYLE = Automatic;
				CURRENT_PROJECT_VERSION = 1;
				GENERATE_INFOPLIST_FILE = YES;
				MARKETING_VERSION = 1.0;
				PRODUCT_BUNDLE_IDENTIFIER = demo123.H2UITests;
				PRODUCT_NAME = "$(TARGET_NAME)";
				SWIFT_EMIT_LOC_STRINGS = NO;
				SWIFT_VERSION = 5.0;
				TARGETED_DEVICE_FAMILY = "1,2";
				TEST_TARGET_NAME = H2;
			};
			name = Debug;
		};
		2EBB515F2C50A4FD006C7B8A /* Release */ = {
			isa = XCBuildConfiguration;
			buildSettings = {
				ALWAYS_EMBED_SWIFT_STANDARD_LIBRARIES = YES;
				CODE_SIGN_STYLE = Automatic;
				CURRENT_PROJECT_VERSION = 1;
				GENERATE_INFOPLIST_FILE = YES;
				MARKETING_VERSION = 1.0;
				PRODUCT_BUNDLE_IDENTIFIER = demo123.H2UITests;
				PRODUCT_NAME = "$(TARGET_NAME)";
				SWIFT_EMIT_LOC_STRINGS = NO;
				SWIFT_VERSION = 5.0;
				TARGETED_DEVICE_FAMILY = "1,2";
				TEST_TARGET_NAME = H2;
			};
			name = Release;
		};
/* End XCBuildConfiguration section */

/* Begin XCConfigurationList section */
		2EBB51282C50A4FC006C7B8A /* Build configuration list for PBXProject "H2" */ = {
			isa = XCConfigurationList;
			buildConfigurations = (
				2EBB51552C50A4FD006C7B8A /* Debug */,
				2EBB51562C50A4FD006C7B8A /* Release */,
			);
			defaultConfigurationIsVisible = 0;
			defaultConfigurationName = Release;
		};
		2EBB51572C50A4FD006C7B8A /* Build configuration list for PBXNativeTarget "H2" */ = {
			isa = XCConfigurationList;
			buildConfigurations = (
				2EBB51582C50A4FD006C7B8A /* Debug */,
				2EBB51592C50A4FD006C7B8A /* Release */,
			);
			defaultConfigurationIsVisible = 0;
			defaultConfigurationName = Release;
		};
		2EBB515A2C50A4FD006C7B8A /* Build configuration list for PBXNativeTarget "H2Tests" */ = {
			isa = XCConfigurationList;
			buildConfigurations = (
				2EBB515B2C50A4FD006C7B8A /* Debug */,
				2EBB515C2C50A4FD006C7B8A /* Release */,
			);
			defaultConfigurationIsVisible = 0;
			defaultConfigurationName = Release;
		};
		2EBB515D2C50A4FD006C7B8A /* Build configuration list for PBXNativeTarget "H2UITests" */ = {
			isa = XCConfigurationList;
			buildConfigurations = (
				2EBB515E2C50A4FD006C7B8A /* Debug */,
				2EBB515F2C50A4FD006C7B8A /* Release */,
			);
			defaultConfigurationIsVisible = 0;
			defaultConfigurationName = Release;
		};
/* End XCConfigurationList section */
	};
	rootObject = 2EBB51252C50A4FC006C7B8A /* Project object */;
}
